
Microsoft Visual Studio Solution File, Format Version 12.00
# Visual Studio 2012
Project("{FAE04EC0-301F-11D3-BF4B-00C04F79EFBC}") = "Labb 2.3", "Labb 2.3.csproj", "{4420A8A7-35BF-4E43-B4F5-37D918E82473}"
EndProject
Global
	GlobalSection(SolutionConfigurationPlatforms) = preSolution
		Debug|Any CPU = Debug|Any CPU
		Release|Any CPU = Release|Any CPU
	EndGlobalSection
	GlobalSection(ProjectConfigurationPlatforms) = postSolution
		{4420A8A7-35BF-4E43-B4F5-37D918E82473}.Debug|Any CPU.ActiveCfg = Debug|Any CPU
		{4420A8A7-35BF-4E43-B4F5-37D918E82473}.Debug|Any CPU.Build.0 = Debug|Any CPU
		{4420A8A7-35BF-4E43-B4F5-37D918E82473}.Release|Any CPU.ActiveCfg = Release|Any CPU
		{4420A8A7-35BF-4E43-B4F5-37D918E82473}.Release|Any CPU.Build.0 = Release|Any CPU
	EndGlobalSection
	GlobalSection(SolutionProperties) = preSolution
		HideSolutionNode = FALSE
	EndGlobalSection
EndGlobal
