
Microsoft Visual Studio Solution File, Format Version 12.00
# Visual Studio 2012
Project("{FAE04EC0-301F-11D3-BF4B-00C04F79EFBC}") = "Default", "Default\Default.csproj", "{83461023-D4B8-4186-A332-F0DB3FA0F572}"
EndProject
Global
	GlobalSection(SolutionConfigurationPlatforms) = preSolution
		Debug|Any CPU = Debug|Any CPU
		Release|Any CPU = Release|Any CPU
	EndGlobalSection
	GlobalSection(ProjectConfigurationPlatforms) = postSolution
		{83461023-D4B8-4186-A332-F0DB3FA0F572}.Debug|Any CPU.ActiveCfg = Debug|Any CPU
		{83461023-D4B8-4186-A332-F0DB3FA0F572}.Debug|Any CPU.Build.0 = Debug|Any CPU
		{83461023-D4B8-4186-A332-F0DB3FA0F572}.Release|Any CPU.ActiveCfg = Release|Any CPU
		{83461023-D4B8-4186-A332-F0DB3FA0F572}.Release|Any CPU.Build.0 = Release|Any CPU
	EndGlobalSection
	GlobalSection(SolutionProperties) = preSolution
		HideSolutionNode = FALSE
	EndGlobalSection
EndGlobal
